// !$*UTF8*$!
{
	archiveVersion = 1;
	classes = {
	};
	objectVersion = 77;
	objects = {

/* Begin PBXBuildFile section */
		0A7C7FD88DC2CEBF40CA8B42 /* CPCCFonts.swift in Sources */ = {isa = PBXBuildFile; fileRef = B5323C955CEE05965168B7D5 /* CPCCFonts.swift */; };
		0AB9428CDEEBE9BD4BDC9CF0 /* tokenizer.json in Resources */ = {isa = PBXBuildFile; fileRef = 4FEBB7F93BE4A9067197451D /* tokenizer.json */; };
		0D97B1C28454639697827142 /* SectionResult.swift in Sources */ = {isa = PBXBuildFile; fileRef = 66B989C6DB7B321D955026BE /* SectionResult.swift */; };
		128C10A73C0251610328F916 /* OnboardingView.swift in Sources */ = {isa = PBXBuildFile; fileRef = AC46C8E6B51CB40ECD9A6A0E /* OnboardingView.swift */; };
		26BE0A8B144F0D54CDF6AED8 /* tokenizer_config.json in Resources */ = {isa = PBXBuildFile; fileRef = 1C04A157BBDF1107B9628BE7 /* tokenizer_config.json */; };
		45F87F61B8A7B152FC9D32D9 /* PromptBuilderTests.swift in Sources */ = {isa = PBXBuildFile; fileRef = 9754C2AB371A72C70ED649CF /* PromptBuilderTests.swift */; };
		47A3DA67C28CEE93EF1B6035 /* SettingsView.swift in Sources */ = {isa = PBXBuildFile; fileRef = AB508855059E8741A4A1A6AB /* SettingsView.swift */; };
		489ABF2542D1F977BEBBF229 /* BGEEmbedder.mlpackage in Sources */ = {isa = PBXBuildFile; fileRef = 3A99C1568A1BEF535D0F7C04 /* BGEEmbedder.mlpackage */; };
		4965F353236AA17A258D9277 /* KeychainStore.swift in Sources */ = {isa = PBXBuildFile; fileRef = 9FDA564395E8C5B5E4FCFFF6 /* KeychainStore.swift */; };
		4C250AC15E4256C920538C42 /* ChatViewModelTests.swift in Sources */ = {isa = PBXBuildFile; fileRef = C40A9DDB8D98147746C7064D /* ChatViewModelTests.swift */; };
		5231DBA86E0165BBE8A3EC0C /* RootView.swift in Sources */ = {isa = PBXBuildFile; fileRef = C3C9917B24492076A3855768 /* RootView.swift */; };
		525855386CD46D3A9FFE2116 /* ErrorBanner.swift in Sources */ = {isa = PBXBuildFile; fileRef = 7836E2CC341C134AD9C04606 /* ErrorBanner.swift */; };
		5CCC287097267075197F1A2B /* Tokenizer.swift in Sources */ = {isa = PBXBuildFile; fileRef = 2F28B9016F06E3446A284741 /* Tokenizer.swift */; };
		65E7383C6F6B9C6CF3C4CF60 /* IntentClassifierTests.swift in Sources */ = {isa = PBXBuildFile; fileRef = 112FF634D116D794E7A543B1 /* IntentClassifierTests.swift */; };
		6603F6B43E7DB3534032143D /* Settings.swift in Sources */ = {isa = PBXBuildFile; fileRef = 42CA0D9605D75F65ED62E307 /* Settings.swift */; };
		67B8E25B35725FB89D0BAF8C /* ChatView.swift in Sources */ = {isa = PBXBuildFile; fileRef = 678601E9A9EF9030389DA922 /* ChatView.swift */; };
		76329CA225E7FEF386E92542 /* QueryOrchestrator.swift in Sources */ = {isa = PBXBuildFile; fileRef = 6460FA50C1755159E880DFC5 /* QueryOrchestrator.swift */; };
		8144A0B64F2D1E6FE51F3520 /* VectorStoreTests.swift in Sources */ = {isa = PBXBuildFile; fileRef = 3699D653F745C39C74AA3AB0 /* VectorStoreTests.swift */; };
		837510ACEA26A5E7F2900C6C /* OpenRouterModel.swift in Sources */ = {isa = PBXBuildFile; fileRef = E1FB54A6DBCA5E0ED4B4F277 /* OpenRouterModel.swift */; };
		848EBF513B88DBEF0AFB2276 /* special_tokens_map.json in Resources */ = {isa = PBXBuildFile; fileRef = FE73153417307A0AA7D90F5C /* special_tokens_map.json */; };
		8742D79F879D840538AABC61 /* ChatViewModel.swift in Sources */ = {isa = PBXBuildFile; fileRef = 02C1696C5A1AC05541A4BAE9 /* ChatViewModel.swift */; };
		8EA2A06160DB4268579A9FD3 /* CorpusStore.swift in Sources */ = {isa = PBXBuildFile; fileRef = B557FA366D8AD2B089AC7C61 /* CorpusStore.swift */; };
		9574A2925F707E1FA923E31D /* CourseScheduleAuth.swift in Sources */ = {isa = PBXBuildFile; fileRef = 8D022C59FAB5985378C8FA21 /* CourseScheduleAuth.swift */; };
		97560B0267FE7320015F10B2 /* VectorStore.swift in Sources */ = {isa = PBXBuildFile; fileRef = 9E6E5BE07372720653DA9E9B /* VectorStore.swift */; };
		98C1BDD5EBA80CFD85D1E713 /* CourseScheduleClient.swift in Sources */ = {isa = PBXBuildFile; fileRef = 15DDA2DD272C660F0A40154F /* CourseScheduleClient.swift */; };
		98D03AA2CB9AB4AA64DA7083 /* EmbeddingModel.swift in Sources */ = {isa = PBXBuildFile; fileRef = E2BC5016AB7B4C2198DF1370 /* EmbeddingModel.swift */; };
		A20A30AC3D655EBAFFA4F2F5 /* OpenRouterClient.swift in Sources */ = {isa = PBXBuildFile; fileRef = 482C48CEF21D253BDDE214AF /* OpenRouterClient.swift */; };
		A9F84898C112CB19E5D6BBB9 /* Section.swift in Sources */ = {isa = PBXBuildFile; fileRef = C1987AFF4157A420C4DFFE87 /* Section.swift */; };
		B6374699DBF7B9536B4AF98E /* ChatTurn.swift in Sources */ = {isa = PBXBuildFile; fileRef = 013603EB31BFB789EB030B77 /* ChatTurn.swift */; };
		BC99D038F3FC8EE423B2FA77 /* Chunk.swift in Sources */ = {isa = PBXBuildFile; fileRef = 085F92A38CF8192BF49157CC /* Chunk.swift */; };
		BE9C78D653C4F9A4371F3164 /* KeychainStoreTests.swift in Sources */ = {isa = PBXBuildFile; fileRef = 17137D8430B13FB2CFAABF8D /* KeychainStoreTests.swift */; };
		C4921C8A33CD725D49048FB9 /* vocab.txt in Resources */ = {isa = PBXBuildFile; fileRef = A0197C8E6AE96B0D697044D1 /* vocab.txt */; };
		C4B9838CB900BFEEE62A1107 /* AskCPCCApp.swift in Sources */ = {isa = PBXBuildFile; fileRef = F6737FB10FA516CF98C23948 /* AskCPCCApp.swift */; };
		C98F4A476A9935A63C821A52 /* ChatMessage.swift in Sources */ = {isa = PBXBuildFile; fileRef = BD3DE5C41C131D3B3F2D1840 /* ChatMessage.swift */; };
		D1CA402FE1C92140C2EFD2D5 /* Assets.xcassets in Resources */ = {isa = PBXBuildFile; fileRef = 012093CBF0DFB94F1B7C5095 /* Assets.xcassets */; };
		DE23B1AA7568757EEBB03C0A /* RAGIndex.swift in Sources */ = {isa = PBXBuildFile; fileRef = 4B021D2D7ECDA1B2C1452909 /* RAGIndex.swift */; };
		E0698A17E64669A1583E0A73 /* AskCPCCTests.swift in Sources */ = {isa = PBXBuildFile; fileRef = 9A4E2BBB711773978C206914 /* AskCPCCTests.swift */; };
		E4F7CCE719F55B9A64349004 /* IntentClassifier.swift in Sources */ = {isa = PBXBuildFile; fileRef = 83B73F80C93C1A17F5ED5A4C /* IntentClassifier.swift */; };
		EDF224C232A91B8C95002B67 /* CorpusUpdater.swift in Sources */ = {isa = PBXBuildFile; fileRef = 97F3902D584C1AF169E2689A /* CorpusUpdater.swift */; };
		EFEE6A6F49E804C49BD906A6 /* ZIPFoundation in Frameworks */ = {isa = PBXBuildFile; productRef = BCBB5F502CD08F87DA2B24DC /* ZIPFoundation */; };
		F997C9C50D4D85FFE659D666 /* PromptBuilder.swift in Sources */ = {isa = PBXBuildFile; fileRef = EE56FA8D5416F9E5B38C7642 /* PromptBuilder.swift */; };
		FA73CF8645EB1DFACF05655D /* CPCCColors.swift in Sources */ = {isa = PBXBuildFile; fileRef = D284302164C18304341597AA /* CPCCColors.swift */; };
/* End PBXBuildFile section */

/* Begin PBXContainerItemProxy section */
		C0E68B7EDBFFD6EA30290509 /* PBXContainerItemProxy */ = {
			isa = PBXContainerItemProxy;
			containerPortal = F2C535507101F134E2178643 /* Project object */;
			proxyType = 1;
			remoteGlobalIDString = 689C5B41B0DFADF5FD88C32B;
			remoteInfo = AskCPCC;
		};
/* End PBXContainerItemProxy section */

/* Begin PBXFileReference section */
		012093CBF0DFB94F1B7C5095 /* Assets.xcassets */ = {isa = PBXFileReference; lastKnownFileType = folder.assetcatalog; path = Assets.xcassets; sourceTree = "<group>"; };
		013603EB31BFB789EB030B77 /* ChatTurn.swift */ = {isa = PBXFileReference; lastKnownFileType = sourcecode.swift; path = ChatTurn.swift; sourceTree = "<group>"; };
		02C1696C5A1AC05541A4BAE9 /* ChatViewModel.swift */ = {isa = PBXFileReference; lastKnownFileType = sourcecode.swift; path = ChatViewModel.swift; sourceTree = "<group>"; };
		058B4D0BBAFCE7D88C7FDE24 /* .gitkeep */ = {isa = PBXFileReference; path = .gitkeep; sourceTree = "<group>"; };
		085F92A38CF8192BF49157CC /* Chunk.swift */ = {isa = PBXFileReference; lastKnownFileType = sourcecode.swift; path = Chunk.swift; sourceTree = "<group>"; };
		108E606FACEDB0F45222AE59 /* AskCPCCTests.xctest */ = {isa = PBXFileReference; includeInIndex = 0; lastKnownFileType = wrapper.cfbundle; path = AskCPCCTests.xctest; sourceTree = BUILT_PRODUCTS_DIR; };
		112FF634D116D794E7A543B1 /* IntentClassifierTests.swift */ = {isa = PBXFileReference; lastKnownFileType = sourcecode.swift; path = IntentClassifierTests.swift; sourceTree = "<group>"; };
		15DDA2DD272C660F0A40154F /* CourseScheduleClient.swift */ = {isa = PBXFileReference; lastKnownFileType = sourcecode.swift; path = CourseScheduleClient.swift; sourceTree = "<group>"; };
		166E23D943FF01400DB371AE /* .gitkeep */ = {isa = PBXFileReference; path = .gitkeep; sourceTree = "<group>"; };
		17137D8430B13FB2CFAABF8D /* KeychainStoreTests.swift */ = {isa = PBXFileReference; lastKnownFileType = sourcecode.swift; path = KeychainStoreTests.swift; sourceTree = "<group>"; };
		1ADAED6CB70D96BDB0909CE0 /* .gitkeep */ = {isa = PBXFileReference; path = .gitkeep; sourceTree = "<group>"; };
		1C04A157BBDF1107B9628BE7 /* tokenizer_config.json */ = {isa = PBXFileReference; lastKnownFileType = text.json; path = tokenizer_config.json; sourceTree = "<group>"; };
		260BC3E057AB0C9F5CF8BA8D /* Info.plist */ = {isa = PBXFileReference; lastKnownFileType = text.plist; path = Info.plist; sourceTree = "<group>"; };
		2F28B9016F06E3446A284741 /* Tokenizer.swift */ = {isa = PBXFileReference; lastKnownFileType = sourcecode.swift; path = Tokenizer.swift; sourceTree = "<group>"; };
		3699D653F745C39C74AA3AB0 /* VectorStoreTests.swift */ = {isa = PBXFileReference; lastKnownFileType = sourcecode.swift; path = VectorStoreTests.swift; sourceTree = "<group>"; };
		3A99C1568A1BEF535D0F7C04 /* BGEEmbedder.mlpackage */ = {isa = PBXFileReference; path = BGEEmbedder.mlpackage; sourceTree = "<group>"; };
		42CA0D9605D75F65ED62E307 /* Settings.swift */ = {isa = PBXFileReference; lastKnownFileType = sourcecode.swift; path = Settings.swift; sourceTree = "<group>"; };
		45EB1AA60591631DA2D516A1 /* AskCPCC.app */ = {isa = PBXFileReference; includeInIndex = 0; lastKnownFileType = wrapper.application; path = AskCPCC.app; sourceTree = BUILT_PRODUCTS_DIR; };
		482C48CEF21D253BDDE214AF /* OpenRouterClient.swift */ = {isa = PBXFileReference; lastKnownFileType = sourcecode.swift; path = OpenRouterClient.swift; sourceTree = "<group>"; };
		4B021D2D7ECDA1B2C1452909 /* RAGIndex.swift */ = {isa = PBXFileReference; lastKnownFileType = sourcecode.swift; path = RAGIndex.swift; sourceTree = "<group>"; };
		4FEBB7F93BE4A9067197451D /* tokenizer.json */ = {isa = PBXFileReference; lastKnownFileType = text.json; path = tokenizer.json; sourceTree = "<group>"; };
		6460FA50C1755159E880DFC5 /* QueryOrchestrator.swift */ = {isa = PBXFileReference; lastKnownFileType = sourcecode.swift; path = QueryOrchestrator.swift; sourceTree = "<group>"; };
		66B989C6DB7B321D955026BE /* SectionResult.swift */ = {isa = PBXFileReference; lastKnownFileType = sourcecode.swift; path = SectionResult.swift; sourceTree = "<group>"; };
		678601E9A9EF9030389DA922 /* ChatView.swift */ = {isa = PBXFileReference; lastKnownFileType = sourcecode.swift; path = ChatView.swift; sourceTree = "<group>"; };
		7836E2CC341C134AD9C04606 /* ErrorBanner.swift */ = {isa = PBXFileReference; lastKnownFileType = sourcecode.swift; path = ErrorBanner.swift; sourceTree = "<group>"; };
		83B73F80C93C1A17F5ED5A4C /* IntentClassifier.swift */ = {isa = PBXFileReference; lastKnownFileType = sourcecode.swift; path = IntentClassifier.swift; sourceTree = "<group>"; };
		8D022C59FAB5985378C8FA21 /* CourseScheduleAuth.swift */ = {isa = PBXFileReference; lastKnownFileType = sourcecode.swift; path = CourseScheduleAuth.swift; sourceTree = "<group>"; };
		9754C2AB371A72C70ED649CF /* PromptBuilderTests.swift */ = {isa = PBXFileReference; lastKnownFileType = sourcecode.swift; path = PromptBuilderTests.swift; sourceTree = "<group>"; };
		97F3902D584C1AF169E2689A /* CorpusUpdater.swift */ = {isa = PBXFileReference; lastKnownFileType = sourcecode.swift; path = CorpusUpdater.swift; sourceTree = "<group>"; };
		9A4E2BBB711773978C206914 /* AskCPCCTests.swift */ = {isa = PBXFileReference; lastKnownFileType = sourcecode.swift; path = AskCPCCTests.swift; sourceTree = "<group>"; };
		9E6E5BE07372720653DA9E9B /* VectorStore.swift */ = {isa = PBXFileReference; lastKnownFileType = sourcecode.swift; path = VectorStore.swift; sourceTree = "<group>"; };
		9FDA564395E8C5B5E4FCFFF6 /* KeychainStore.swift */ = {isa = PBXFileReference; lastKnownFileType = sourcecode.swift; path = KeychainStore.swift; sourceTree = "<group>"; };
		A0197C8E6AE96B0D697044D1 /* vocab.txt */ = {isa = PBXFileReference; lastKnownFileType = text; path = vocab.txt; sourceTree = "<group>"; };
		AB508855059E8741A4A1A6AB /* SettingsView.swift */ = {isa = PBXFileReference; lastKnownFileType = sourcecode.swift; path = SettingsView.swift; sourceTree = "<group>"; };
		AC46C8E6B51CB40ECD9A6A0E /* OnboardingView.swift */ = {isa = PBXFileReference; lastKnownFileType = sourcecode.swift; path = OnboardingView.swift; sourceTree = "<group>"; };
		B33EA8146A0FD837195207BA /* .gitkeep */ = {isa = PBXFileReference; path = .gitkeep; sourceTree = "<group>"; };
		B5323C955CEE05965168B7D5 /* CPCCFonts.swift */ = {isa = PBXFileReference; lastKnownFileType = sourcecode.swift; path = CPCCFonts.swift; sourceTree = "<group>"; };
		B557FA366D8AD2B089AC7C61 /* CorpusStore.swift */ = {isa = PBXFileReference; lastKnownFileType = sourcecode.swift; path = CorpusStore.swift; sourceTree = "<group>"; };
		B64658A5227EC44C790CC7C4 /* .gitkeep */ = {isa = PBXFileReference; path = .gitkeep; sourceTree = "<group>"; };
		BC83F4E7971E3BC043194447 /* .gitkeep */ = {isa = PBXFileReference; path = .gitkeep; sourceTree = "<group>"; };
		BD3DE5C41C131D3B3F2D1840 /* ChatMessage.swift */ = {isa = PBXFileReference; lastKnownFileType = sourcecode.swift; path = ChatMessage.swift; sourceTree = "<group>"; };
		C1987AFF4157A420C4DFFE87 /* Section.swift */ = {isa = PBXFileReference; lastKnownFileType = sourcecode.swift; path = Section.swift; sourceTree = "<group>"; };
		C3C9917B24492076A3855768 /* RootView.swift */ = {isa = PBXFileReference; lastKnownFileType = sourcecode.swift; path = RootView.swift; sourceTree = "<group>"; };
		C3F44FBFC91EA961A44B7801 /* .gitkeep */ = {isa = PBXFileReference; path = .gitkeep; sourceTree = "<group>"; };
		C40A9DDB8D98147746C7064D /* ChatViewModelTests.swift */ = {isa = PBXFileReference; lastKnownFileType = sourcecode.swift; path = ChatViewModelTests.swift; sourceTree = "<group>"; };
		C8A2CAEF6255EB3A9E91CC44 /* .gitkeep */ = {isa = PBXFileReference; path = .gitkeep; sourceTree = "<group>"; };
		D284302164C18304341597AA /* CPCCColors.swift */ = {isa = PBXFileReference; lastKnownFileType = sourcecode.swift; path = CPCCColors.swift; sourceTree = "<group>"; };
		DD67403FCA1BDD7628F67868 /* .gitkeep */ = {isa = PBXFileReference; path = .gitkeep; sourceTree = "<group>"; };
		E1FB54A6DBCA5E0ED4B4F277 /* OpenRouterModel.swift */ = {isa = PBXFileReference; lastKnownFileType = sourcecode.swift; path = OpenRouterModel.swift; sourceTree = "<group>"; };
		E2BC5016AB7B4C2198DF1370 /* EmbeddingModel.swift */ = {isa = PBXFileReference; lastKnownFileType = sourcecode.swift; path = EmbeddingModel.swift; sourceTree = "<group>"; };
		E893EC50A45FA660A5F0D031 /* .gitkeep */ = {isa = PBXFileReference; path = .gitkeep; sourceTree = "<group>"; };
		EE56FA8D5416F9E5B38C7642 /* PromptBuilder.swift */ = {isa = PBXFileReference; lastKnownFileType = sourcecode.swift; path = PromptBuilder.swift; sourceTree = "<group>"; };
		F6737FB10FA516CF98C23948 /* AskCPCCApp.swift */ = {isa = PBXFileReference; lastKnownFileType = sourcecode.swift; path = AskCPCCApp.swift; sourceTree = "<group>"; };
		FE73153417307A0AA7D90F5C /* special_tokens_map.json */ = {isa = PBXFileReference; lastKnownFileType = text.json; path = special_tokens_map.json; sourceTree = "<group>"; };
/* End PBXFileReference section */

/* Begin PBXFrameworksBuildPhase section */
		4C8A5FB9DA24589D5D06A183 /* Frameworks */ = {
			isa = PBXFrameworksBuildPhase;
			buildActionMask = 2147483647;
			files = (
				EFEE6A6F49E804C49BD906A6 /* ZIPFoundation in Frameworks */,
			);
			runOnlyForDeploymentPostprocessing = 0;
		};
/* End PBXFrameworksBuildPhase section */

/* Begin PBXGroup section */
		065513828BE3A5F7F80FE4E2 /* Settings */ = {
			isa = PBXGroup;
			children = (
				BC83F4E7971E3BC043194447 /* .gitkeep */,
				AB508855059E8741A4A1A6AB /* SettingsView.swift */,
			);
			path = Settings;
			sourceTree = "<group>";
		};
		1950FF6F085D76096818458F /* BGETokenizer */ = {
			isa = PBXGroup;
			children = (
				FE73153417307A0AA7D90F5C /* special_tokens_map.json */,
				1C04A157BBDF1107B9628BE7 /* tokenizer_config.json */,
				4FEBB7F93BE4A9067197451D /* tokenizer.json */,
				A0197C8E6AE96B0D697044D1 /* vocab.txt */,
			);
			path = BGETokenizer;
			sourceTree = "<group>";
		};
		20391C834252DB6D47D74344 /* AskCPCC */ = {
			isa = PBXGroup;
			children = (
				F6737FB10FA516CF98C23948 /* AskCPCCApp.swift */,
				012093CBF0DFB94F1B7C5095 /* Assets.xcassets */,
				260BC3E057AB0C9F5CF8BA8D /* Info.plist */,
				71C1E60587899BA73C0E49D6 /* App */,
				3AC392CAF0F42B3DBE4B58B0 /* Branding */,
				2E8D49B43F37C769F2506AD3 /* CourseSchedule */,
				53E896A48BF4807946A5F74B /* LLM */,
				E9FF2E625EB5DD1D71A71851 /* Orchestration */,
				CB953C50B4DF83207392D094 /* RAG */,
				E289FC6B516F2426F9AE2CF4 /* Resources */,
				F6ABF21B008B0C900B12E12A /* Views */,
			);
			path = AskCPCC;
			sourceTree = "<group>";
		};
		2E328FAB7017564B2848E32A /* Chat */ = {
			isa = PBXGroup;
			children = (
				C3F44FBFC91EA961A44B7801 /* .gitkeep */,
				678601E9A9EF9030389DA922 /* ChatView.swift */,
			);
			path = Chat;
			sourceTree = "<group>";
		};
		2E8D49B43F37C769F2506AD3 /* CourseSchedule */ = {
			isa = PBXGroup;
			children = (
				B33EA8146A0FD837195207BA /* .gitkeep */,
				8D022C59FAB5985378C8FA21 /* CourseScheduleAuth.swift */,
				15DDA2DD272C660F0A40154F /* CourseScheduleClient.swift */,
				C1987AFF4157A420C4DFFE87 /* Section.swift */,
				66B989C6DB7B321D955026BE /* SectionResult.swift */,
			);
			path = CourseSchedule;
			sourceTree = "<group>";
		};
		3AC392CAF0F42B3DBE4B58B0 /* Branding */ = {
			isa = PBXGroup;
			children = (
				E893EC50A45FA660A5F0D031 /* .gitkeep */,
				D284302164C18304341597AA /* CPCCColors.swift */,
				B5323C955CEE05965168B7D5 /* CPCCFonts.swift */,
			);
			path = Branding;
			sourceTree = "<group>";
		};
		53E896A48BF4807946A5F74B /* LLM */ = {
			isa = PBXGroup;
			children = (
				C8A2CAEF6255EB3A9E91CC44 /* .gitkeep */,
				BD3DE5C41C131D3B3F2D1840 /* ChatMessage.swift */,
				482C48CEF21D253BDDE214AF /* OpenRouterClient.swift */,
				E1FB54A6DBCA5E0ED4B4F277 /* OpenRouterModel.swift */,
			);
			path = LLM;
			sourceTree = "<group>";
		};
		71C1E60587899BA73C0E49D6 /* App */ = {
			isa = PBXGroup;
			children = (
				058B4D0BBAFCE7D88C7FDE24 /* .gitkeep */,
				013603EB31BFB789EB030B77 /* ChatTurn.swift */,
				02C1696C5A1AC05541A4BAE9 /* ChatViewModel.swift */,
				9FDA564395E8C5B5E4FCFFF6 /* KeychainStore.swift */,
				42CA0D9605D75F65ED62E307 /* Settings.swift */,
			);
			path = App;
			sourceTree = "<group>";
		};
		81AAA42738FC0E8B407D8C57 /* AskCPCCTests */ = {
			isa = PBXGroup;
			children = (
				9A4E2BBB711773978C206914 /* AskCPCCTests.swift */,
				C40A9DDB8D98147746C7064D /* ChatViewModelTests.swift */,
				112FF634D116D794E7A543B1 /* IntentClassifierTests.swift */,
				17137D8430B13FB2CFAABF8D /* KeychainStoreTests.swift */,
				9754C2AB371A72C70ED649CF /* PromptBuilderTests.swift */,
				3699D653F745C39C74AA3AB0 /* VectorStoreTests.swift */,
			);
			path = AskCPCCTests;
			sourceTree = "<group>";
		};
		8E5B3A17982116B27003DA58 /* Products */ = {
			isa = PBXGroup;
			children = (
				45EB1AA60591631DA2D516A1 /* AskCPCC.app */,
				108E606FACEDB0F45222AE59 /* AskCPCCTests.xctest */,
			);
			name = Products;
			sourceTree = "<group>";
		};
		CB953C50B4DF83207392D094 /* RAG */ = {
			isa = PBXGroup;
			children = (
				1ADAED6CB70D96BDB0909CE0 /* .gitkeep */,
				085F92A38CF8192BF49157CC /* Chunk.swift */,
				B557FA366D8AD2B089AC7C61 /* CorpusStore.swift */,
				97F3902D584C1AF169E2689A /* CorpusUpdater.swift */,
				E2BC5016AB7B4C2198DF1370 /* EmbeddingModel.swift */,
				4B021D2D7ECDA1B2C1452909 /* RAGIndex.swift */,
				2F28B9016F06E3446A284741 /* Tokenizer.swift */,
				9E6E5BE07372720653DA9E9B /* VectorStore.swift */,
			);
			path = RAG;
			sourceTree = "<group>";
		};
		CBA4D44EF6252A37A3B59358 /* Onboarding */ = {
			isa = PBXGroup;
			children = (
				166E23D943FF01400DB371AE /* .gitkeep */,
				AC46C8E6B51CB40ECD9A6A0E /* OnboardingView.swift */,
			);
			path = Onboarding;
			sourceTree = "<group>";
		};
		E289FC6B516F2426F9AE2CF4 /* Resources */ = {
			isa = PBXGroup;
			children = (
				DD67403FCA1BDD7628F67868 /* .gitkeep */,
				3A99C1568A1BEF535D0F7C04 /* BGEEmbedder.mlpackage */,
				1950FF6F085D76096818458F /* BGETokenizer */,
			);
			path = Resources;
			sourceTree = "<group>";
		};
		E5B2D364B8539FC5C1BF3769 = {
			isa = PBXGroup;
			children = (
				20391C834252DB6D47D74344 /* AskCPCC */,
				81AAA42738FC0E8B407D8C57 /* AskCPCCTests */,
				8E5B3A17982116B27003DA58 /* Products */,
			);
			sourceTree = "<group>";
		};
		E9FF2E625EB5DD1D71A71851 /* Orchestration */ = {
			isa = PBXGroup;
			children = (
				B64658A5227EC44C790CC7C4 /* .gitkeep */,
				83B73F80C93C1A17F5ED5A4C /* IntentClassifier.swift */,
				EE56FA8D5416F9E5B38C7642 /* PromptBuilder.swift */,
				6460FA50C1755159E880DFC5 /* QueryOrchestrator.swift */,
			);
			path = Orchestration;
			sourceTree = "<group>";
		};
		F6ABF21B008B0C900B12E12A /* Views */ = {
			isa = PBXGroup;
			children = (
				7836E2CC341C134AD9C04606 /* ErrorBanner.swift */,
				C3C9917B24492076A3855768 /* RootView.swift */,
				2E328FAB7017564B2848E32A /* Chat */,
				CBA4D44EF6252A37A3B59358 /* Onboarding */,
				065513828BE3A5F7F80FE4E2 /* Settings */,
			);
			path = Views;
			sourceTree = "<group>";
		};
/* End PBXGroup section */

/* Begin PBXNativeTarget section */
		689C5B41B0DFADF5FD88C32B /* AskCPCC */ = {
			isa = PBXNativeTarget;
			buildConfigurationList = 8F6F4D5596F9B6443225579E /* Build configuration list for PBXNativeTarget "AskCPCC" */;
			buildPhases = (
				1A03139F945C76C5637E7234 /* SwiftLint */,
				1F4BD9809B6D938BE7FAD7A4 /* Sources */,
				1EE28ABC0A26B6EAC6E9AE4B /* Resources */,
				4C8A5FB9DA24589D5D06A183 /* Frameworks */,
			);
			buildRules = (
			);
			dependencies = (
			);
			name = AskCPCC;
			packageProductDependencies = (
				BCBB5F502CD08F87DA2B24DC /* ZIPFoundation */,
			);
			productName = AskCPCC;
			productReference = 45EB1AA60591631DA2D516A1 /* AskCPCC.app */;
			productType = "com.apple.product-type.application";
		};
		6ED426B4F8D33795249E904F /* AskCPCCTests */ = {
			isa = PBXNativeTarget;
			buildConfigurationList = 2ECD59FA4A619AACCACB9A67 /* Build configuration list for PBXNativeTarget "AskCPCCTests" */;
			buildPhases = (
				CCEF6B8D7503248C1989F0A9 /* Sources */,
			);
			buildRules = (
			);
			dependencies = (
				83EFBE958EF3CDDBC68C3843 /* PBXTargetDependency */,
			);
			name = AskCPCCTests;
			packageProductDependencies = (
			);
			productName = AskCPCCTests;
			productReference = 108E606FACEDB0F45222AE59 /* AskCPCCTests.xctest */;
			productType = "com.apple.product-type.bundle.unit-test";
		};
/* End PBXNativeTarget section */

/* Begin PBXProject section */
		F2C535507101F134E2178643 /* Project object */ = {
			isa = PBXProject;
			attributes = {
				BuildIndependentTargetsInParallel = YES;
				LastUpgradeCheck = 1430;
				TargetAttributes = {
					689C5B41B0DFADF5FD88C32B = {
						DevelopmentTeam = "";
					};
					6ED426B4F8D33795249E904F = {
						DevelopmentTeam = "";
					};
				};
			};
			buildConfigurationList = 26F96F47111CC9B476A244ED /* Build configuration list for PBXProject "AskCPCC" */;
			developmentRegion = en;
			hasScannedForEncodings = 0;
			knownRegions = (
				Base,
				en,
			);
			mainGroup = E5B2D364B8539FC5C1BF3769;
			minimizedProjectReferenceProxies = 1;
			packageReferences = (
				5C9B9E34ADAC2D396677C672 /* XCRemoteSwiftPackageReference "ZIPFoundation" */,
			);
			preferredProjectObjectVersion = 77;
			productRefGroup = 8E5B3A17982116B27003DA58 /* Products */;
			projectDirPath = "";
			projectRoot = "";
			targets = (
				689C5B41B0DFADF5FD88C32B /* AskCPCC */,
				6ED426B4F8D33795249E904F /* AskCPCCTests */,
			);
		};
/* End PBXProject section */

/* Begin PBXResourcesBuildPhase section */
		1EE28ABC0A26B6EAC6E9AE4B /* Resources */ = {
			isa = PBXResourcesBuildPhase;
			buildActionMask = 2147483647;
			files = (
				D1CA402FE1C92140C2EFD2D5 /* Assets.xcassets in Resources */,
				848EBF513B88DBEF0AFB2276 /* special_tokens_map.json in Resources */,
				0AB9428CDEEBE9BD4BDC9CF0 /* tokenizer.json in Resources */,
				26BE0A8B144F0D54CDF6AED8 /* tokenizer_config.json in Resources */,
				C4921C8A33CD725D49048FB9 /* vocab.txt in Resources */,
			);
			runOnlyForDeploymentPostprocessing = 0;
		};
/* End PBXResourcesBuildPhase section */

/* Begin PBXShellScriptBuildPhase section */
		1A03139F945C76C5637E7234 /* SwiftLint */ = {
			isa = PBXShellScriptBuildPhase;
			alwaysOutOfDate = 1;
			buildActionMask = 2147483647;
			files = (
			);
			inputFileListPaths = (
			);
			inputPaths = (
			);
			name = SwiftLint;
			outputFileListPaths = (
			);
			outputPaths = (
			);
			runOnlyForDeploymentPostprocessing = 0;
			shellPath = /bin/sh;
			shellScript = "if which swiftlint > /dev/null; then\n  swiftlint\nelse\n  echo \"warning: SwiftLint not installed (brew install swiftlint)\"\nfi\n";
		};
/* End PBXShellScriptBuildPhase section */

/* Begin PBXSourcesBuildPhase section */
		1F4BD9809B6D938BE7FAD7A4 /* Sources */ = {
			isa = PBXSourcesBuildPhase;
			buildActionMask = 2147483647;
			files = (
				C4B9838CB900BFEEE62A1107 /* AskCPCCApp.swift in Sources */,
				489ABF2542D1F977BEBBF229 /* BGEEmbedder.mlpackage in Sources */,
				FA73CF8645EB1DFACF05655D /* CPCCColors.swift in Sources */,
				0A7C7FD88DC2CEBF40CA8B42 /* CPCCFonts.swift in Sources */,
				C98F4A476A9935A63C821A52 /* ChatMessage.swift in Sources */,
				B6374699DBF7B9536B4AF98E /* ChatTurn.swift in Sources */,
				67B8E25B35725FB89D0BAF8C /* ChatView.swift in Sources */,
				8742D79F879D840538AABC61 /* ChatViewModel.swift in Sources */,
				BC99D038F3FC8EE423B2FA77 /* Chunk.swift in Sources */,
				8EA2A06160DB4268579A9FD3 /* CorpusStore.swift in Sources */,
				EDF224C232A91B8C95002B67 /* CorpusUpdater.swift in Sources */,
				9574A2925F707E1FA923E31D /* CourseScheduleAuth.swift in Sources */,
				98C1BDD5EBA80CFD85D1E713 /* CourseScheduleClient.swift in Sources */,
				98D03AA2CB9AB4AA64DA7083 /* EmbeddingModel.swift in Sources */,
				525855386CD46D3A9FFE2116 /* ErrorBanner.swift in Sources */,
				E4F7CCE719F55B9A64349004 /* IntentClassifier.swift in Sources */,
				4965F353236AA17A258D9277 /* KeychainStore.swift in Sources */,
				128C10A73C0251610328F916 /* OnboardingView.swift in Sources */,
				A20A30AC3D655EBAFFA4F2F5 /* OpenRouterClient.swift in Sources */,
				837510ACEA26A5E7F2900C6C /* OpenRouterModel.swift in Sources */,
				F997C9C50D4D85FFE659D666 /* PromptBuilder.swift in Sources */,
				76329CA225E7FEF386E92542 /* QueryOrchestrator.swift in Sources */,
				DE23B1AA7568757EEBB03C0A /* RAGIndex.swift in Sources */,
				5231DBA86E0165BBE8A3EC0C /* RootView.swift in Sources */,
				A9F84898C112CB19E5D6BBB9 /* Section.swift in Sources */,
				0D97B1C28454639697827142 /* SectionResult.swift in Sources */,
				6603F6B43E7DB3534032143D /* Settings.swift in Sources */,
				47A3DA67C28CEE93EF1B6035 /* SettingsView.swift in Sources */,
				5CCC287097267075197F1A2B /* Tokenizer.swift in Sources */,
				97560B0267FE7320015F10B2 /* VectorStore.swift in Sources */,
			);
			runOnlyForDeploymentPostprocessing = 0;
		};
		CCEF6B8D7503248C1989F0A9 /* Sources */ = {
			isa = PBXSourcesBuildPhase;
			buildActionMask = 2147483647;
			files = (
				E0698A17E64669A1583E0A73 /* AskCPCCTests.swift in Sources */,
				4C250AC15E4256C920538C42 /* ChatViewModelTests.swift in Sources */,
				65E7383C6F6B9C6CF3C4CF60 /* IntentClassifierTests.swift in Sources */,
				BE9C78D653C4F9A4371F3164 /* KeychainStoreTests.swift in Sources */,
				45F87F61B8A7B152FC9D32D9 /* PromptBuilderTests.swift in Sources */,
				8144A0B64F2D1E6FE51F3520 /* VectorStoreTests.swift in Sources */,
			);
			runOnlyForDeploymentPostprocessing = 0;
		};
/* End PBXSourcesBuildPhase section */

/* Begin PBXTargetDependency section */
		83EFBE958EF3CDDBC68C3843 /* PBXTargetDependency */ = {
			isa = PBXTargetDependency;
			target = 689C5B41B0DFADF5FD88C32B /* AskCPCC */;
			targetProxy = C0E68B7EDBFFD6EA30290509 /* PBXContainerItemProxy */;
		};
/* End PBXTargetDependency section */

/* Begin XCBuildConfiguration section */
		2FBC6C93C9489DDB64C22795 /* Release */ = {
			isa = XCBuildConfiguration;
			buildSettings = {
				BUNDLE_LOADER = "$(TEST_HOST)";
				GENERATE_INFOPLIST_FILE = YES;
				IPHONEOS_DEPLOYMENT_TARGET = 17.0;
				LD_RUNPATH_SEARCH_PATHS = (
					"$(inherited)",
					"@executable_path/Frameworks",
					"@loader_path/Frameworks",
				);
				PRODUCT_BUNDLE_IDENTIFIER = edu.cpcc.AskCPCCTests;
				SDKROOT = iphoneos;
				TARGETED_DEVICE_FAMILY = "1,2";
				TEST_HOST = "$(BUILT_PRODUCTS_DIR)/AskCPCC.app/AskCPCC";
			};
			name = Release;
		};
		72D11DA4D7CFC13C5FC1FE66 /* Debug */ = {
			isa = XCBuildConfiguration;
			buildSettings = {
				BUNDLE_LOADER = "$(TEST_HOST)";
				GENERATE_INFOPLIST_FILE = YES;
				IPHONEOS_DEPLOYMENT_TARGET = 17.0;
				LD_RUNPATH_SEARCH_PATHS = (
					"$(inherited)",
					"@executable_path/Frameworks",
					"@loader_path/Frameworks",
				);
				PRODUCT_BUNDLE_IDENTIFIER = edu.cpcc.AskCPCCTests;
				SDKROOT = iphoneos;
				TARGETED_DEVICE_FAMILY = "1,2";
				TEST_HOST = "$(BUILT_PRODUCTS_DIR)/AskCPCC.app/AskCPCC";
			};
			name = Debug;
		};
		8750077DCFB8B539DF67397A /* Release */ = {
			isa = XCBuildConfiguration;
			buildSettings = {
				ALWAYS_SEARCH_USER_PATHS = NO;
				CLANG_ANALYZER_NONNULL = YES;
				CLANG_ANALYZER_NUMBER_OBJECT_CONVERSION = YES_AGGRESSIVE;
				CLANG_CXX_LANGUAGE_STANDARD = "gnu++14";
				CLANG_CXX_LIBRARY = "libc++";
				CLANG_ENABLE_MODULES = YES;
				CLANG_ENABLE_OBJC_ARC = YES;
				CLANG_ENABLE_OBJC_WEAK = YES;
				CLANG_WARN_BLOCK_CAPTURE_AUTORELEASING = YES;
				CLANG_WARN_BOOL_CONVERSION = YES;
				CLANG_WARN_COMMA = YES;
				CLANG_WARN_CONSTANT_CONVERSION = YES;
				CLANG_WARN_DEPRECATED_OBJC_IMPLEMENTATIONS = YES;
				CLANG_WARN_DIRECT_OBJC_ISA_USAGE = YES_ERROR;
				CLANG_WARN_DOCUMENTATION_COMMENTS = YES;
				CLANG_WARN_EMPTY_BODY = YES;
				CLANG_WARN_ENUM_CONVERSION = YES;
				CLANG_WARN_INFINITE_RECURSION = YES;
				CLANG_WARN_INT_CONVERSION = YES;
				CLANG_WARN_NON_LITERAL_NULL_CONVERSION = YES;
				CLANG_WARN_OBJC_IMPLICIT_RETAIN_SELF = YES;
				CLANG_WARN_OBJC_LITERAL_CONVERSION = YES;
				CLANG_WARN_OBJC_ROOT_CLASS = YES_ERROR;
				CLANG_WARN_QUOTED_INCLUDE_IN_FRAMEWORK_HEADER = YES;
				CLANG_WARN_RANGE_LOOP_ANALYSIS = YES;
				CLANG_WARN_STRICT_PROTOTYPES = YES;
				CLANG_WARN_SUSPICIOUS_MOVE = YES;
				CLANG_WARN_UNGUARDED_AVAILABILITY = YES_AGGRESSIVE;
				CLANG_WARN_UNREACHABLE_CODE = YES;
				CLANG_WARN__DUPLICATE_METHOD_MATCH = YES;
				COPY_PHASE_STRIP = NO;
				DEBUG_INFORMATION_FORMAT = "dwarf-with-dsym";
				DEVELOPMENT_TEAM = "";
				ENABLE_NS_ASSERTIONS = NO;
				ENABLE_STRICT_OBJC_MSGSEND = YES;
				GCC_C_LANGUAGE_STANDARD = gnu11;
				GCC_NO_COMMON_BLOCKS = YES;
				GCC_WARN_64_TO_32_BIT_CONVERSION = YES;
				GCC_WARN_ABOUT_RETURN_TYPE = YES_ERROR;
				GCC_WARN_UNDECLARED_SELECTOR = YES;
				GCC_WARN_UNINITIALIZED_AUTOS = YES_AGGRESSIVE;
				GCC_WARN_UNUSED_FUNCTION = YES;
				GCC_WARN_UNUSED_VARIABLE = YES;
				IPHONEOS_DEPLOYMENT_TARGET = 17.0;
				MTL_ENABLE_DEBUG_INFO = NO;
				MTL_FAST_MATH = YES;
				PRODUCT_NAME = "$(TARGET_NAME)";
				SDKROOT = iphoneos;
				SWIFT_COMPILATION_MODE = wholemodule;
				SWIFT_OPTIMIZATION_LEVEL = "-O";
				SWIFT_VERSION = 5.9;
				TARGETED_DEVICE_FAMILY = "1,2";
			};
			name = Release;
		};
		97A4494FBE191BC20C0A572A /* Debug */ = {
			isa = XCBuildConfiguration;
			buildSettings = {
				ALWAYS_SEARCH_USER_PATHS = NO;
				CLANG_ANALYZER_NONNULL = YES;
				CLANG_ANALYZER_NUMBER_OBJECT_CONVERSION = YES_AGGRESSIVE;
				CLANG_CXX_LANGUAGE_STANDARD = "gnu++14";
				CLANG_CXX_LIBRARY = "libc++";
				CLANG_ENABLE_MODULES = YES;
				CLANG_ENABLE_OBJC_ARC = YES;
				CLANG_ENABLE_OBJC_WEAK = YES;
				CLANG_WARN_BLOCK_CAPTURE_AUTORELEASING = YES;
				CLANG_WARN_BOOL_CONVERSION = YES;
				CLANG_WARN_COMMA = YES;
				CLANG_WARN_CONSTANT_CONVERSION = YES;
				CLANG_WARN_DEPRECATED_OBJC_IMPLEMENTATIONS = YES;
				CLANG_WARN_DIRECT_OBJC_ISA_USAGE = YES_ERROR;
				CLANG_WARN_DOCUMENTATION_COMMENTS = YES;
				CLANG_WARN_EMPTY_BODY = YES;
				CLANG_WARN_ENUM_CONVERSION = YES;
				CLANG_WARN_INFINITE_RECURSION = YES;
				CLANG_WARN_INT_CONVERSION = YES;
				CLANG_WARN_NON_LITERAL_NULL_CONVERSION = YES;
				CLANG_WARN_OBJC_IMPLICIT_RETAIN_SELF = YES;
				CLANG_WARN_OBJC_LITERAL_CONVERSION = YES;
				CLANG_WARN_OBJC_ROOT_CLASS = YES_ERROR;
				CLANG_WARN_QUOTED_INCLUDE_IN_FRAMEWORK_HEADER = YES;
				CLANG_WARN_RANGE_LOOP_ANALYSIS = YES;
				CLANG_WARN_STRICT_PROTOTYPES = YES;
				CLANG_WARN_SUSPICIOUS_MOVE = YES;
				CLANG_WARN_UNGUARDED_AVAILABILITY = YES_AGGRESSIVE;
				CLANG_WARN_UNREACHABLE_CODE = YES;
				CLANG_WARN__DUPLICATE_METHOD_MATCH = YES;
				COPY_PHASE_STRIP = NO;
				DEBUG_INFORMATION_FORMAT = dwarf;
				DEVELOPMENT_TEAM = "";
				ENABLE_STRICT_OBJC_MSGSEND = YES;
				ENABLE_TESTABILITY = YES;
				GCC_C_LANGUAGE_STANDARD = gnu11;
				GCC_DYNAMIC_NO_PIC = NO;
				GCC_NO_COMMON_BLOCKS = YES;
				GCC_OPTIMIZATION_LEVEL = 0;
				GCC_PREPROCESSOR_DEFINITIONS = (
					"$(inherited)",
					"DEBUG=1",
				);
				GCC_WARN_64_TO_32_BIT_CONVERSION = YES;
				GCC_WARN_ABOUT_RETURN_TYPE = YES_ERROR;
				GCC_WARN_UNDECLARED_SELECTOR = YES;
				GCC_WARN_UNINITIALIZED_AUTOS = YES_AGGRESSIVE;
				GCC_WARN_UNUSED_FUNCTION = YES;
				GCC_WARN_UNUSED_VARIABLE = YES;
				IPHONEOS_DEPLOYMENT_TARGET = 17.0;
				MTL_ENABLE_DEBUG_INFO = INCLUDE_SOURCE;
				MTL_FAST_MATH = YES;
				ONLY_ACTIVE_ARCH = YES;
				PRODUCT_NAME = "$(TARGET_NAME)";
				SDKROOT = iphoneos;
				SWIFT_ACTIVE_COMPILATION_CONDITIONS = DEBUG;
				SWIFT_OPTIMIZATION_LEVEL = "-Onone";
				SWIFT_VERSION = 5.9;
				TARGETED_DEVICE_FAMILY = "1,2";
			};
			name = Debug;
		};
		EA30CAA26998E747ED715369 /* Debug */ = {
			isa = XCBuildConfiguration;
			buildSettings = {
				ASSETCATALOG_COMPILER_APPICON_NAME = AppIcon;
				CODE_SIGN_IDENTITY = "iPhone Developer";
				INFOPLIST_FILE = AskCPCC/Info.plist;
				IPHONEOS_DEPLOYMENT_TARGET = 17.0;
				LD_RUNPATH_SEARCH_PATHS = (
					"$(inherited)",
					"@executable_path/Frameworks",
				);
				PRODUCT_BUNDLE_IDENTIFIER = edu.cpcc.AskCPCC;
				SDKROOT = iphoneos;
				SUPPORTS_MACCATALYST = NO;
				SUPPORTS_MAC_DESIGNED_FOR_IPHONE_IPAD = NO;
				TARGETED_DEVICE_FAMILY = "1,2";
			};
			name = Debug;
		};
		F709444EA79326DAF8B92442 /* Release */ = {
			isa = XCBuildConfiguration;
			buildSettings = {
				ASSETCATALOG_COMPILER_APPICON_NAME = AppIcon;
				CODE_SIGN_IDENTITY = "iPhone Developer";
				INFOPLIST_FILE = AskCPCC/Info.plist;
				IPHONEOS_DEPLOYMENT_TARGET = 17.0;
				LD_RUNPATH_SEARCH_PATHS = (
					"$(inherited)",
					"@executable_path/Frameworks",
				);
				PRODUCT_BUNDLE_IDENTIFIER = edu.cpcc.AskCPCC;
				SDKROOT = iphoneos;
				SUPPORTS_MACCATALYST = NO;
				SUPPORTS_MAC_DESIGNED_FOR_IPHONE_IPAD = NO;
				TARGETED_DEVICE_FAMILY = "1,2";
			};
			name = Release;
		};
/* End XCBuildConfiguration section */

/* Begin XCConfigurationList section */
		26F96F47111CC9B476A244ED /* Build configuration list for PBXProject "AskCPCC" */ = {
			isa = XCConfigurationList;
			buildConfigurations = (
				97A4494FBE191BC20C0A572A /* Debug */,
				8750077DCFB8B539DF67397A /* Release */,
			);
			defaultConfigurationIsVisible = 0;
			defaultConfigurationName = Debug;
		};
		2ECD59FA4A619AACCACB9A67 /* Build configuration list for PBXNativeTarget "AskCPCCTests" */ = {
			isa = XCConfigurationList;
			buildConfigurations = (
				72D11DA4D7CFC13C5FC1FE66 /* Debug */,
				2FBC6C93C9489DDB64C22795 /* Release */,
			);
			defaultConfigurationIsVisible = 0;
			defaultConfigurationName = Debug;
		};
		8F6F4D5596F9B6443225579E /* Build configuration list for PBXNativeTarget "AskCPCC" */ = {
			isa = XCConfigurationList;
			buildConfigurations = (
				EA30CAA26998E747ED715369 /* Debug */,
				F709444EA79326DAF8B92442 /* Release */,
			);
			defaultConfigurationIsVisible = 0;
			defaultConfigurationName = Debug;
		};
/* End XCConfigurationList section */

/* Begin XCRemoteSwiftPackageReference section */
		5C9B9E34ADAC2D396677C672 /* XCRemoteSwiftPackageReference "ZIPFoundation" */ = {
			isa = XCRemoteSwiftPackageReference;
			repositoryURL = "https://github.com/weichsel/ZIPFoundation";
			requirement = {
				kind = upToNextMajorVersion;
				minimumVersion = 0.9.19;
			};
		};
/* End XCRemoteSwiftPackageReference section */

/* Begin XCSwiftPackageProductDependency section */
		BCBB5F502CD08F87DA2B24DC /* ZIPFoundation */ = {
			isa = XCSwiftPackageProductDependency;
			package = 5C9B9E34ADAC2D396677C672 /* XCRemoteSwiftPackageReference "ZIPFoundation" */;
			productName = ZIPFoundation;
		};
/* End XCSwiftPackageProductDependency section */
	};
	rootObject = F2C535507101F134E2178643 /* Project object */;
}
